
Microsoft Visual Studio Solution File, Format Version 12.00
# Visual Studio Version 16
VisualStudioVersion = 16.0.30114.105
MinimumVisualStudioVersion = 10.0.40219.1
Project("{FAE04EC0-301F-11D3-BF4B-00C04F79EFBC}") = "dotnet.data", "dotnet.data\dotnet.data.csproj", "{B4D530F8-6D0C-4D22-B0FC-DED2371D56B4}"
EndProject
Project("{FAE04EC0-301F-11D3-BF4B-00C04F79EFBC}") = "dotnet.service", "dotnet.service\dotnet.service.csproj", "{DBD2DF6B-CF3A-4347-9D2A-448BDDF896BD}"
EndProject
Project("{FAE04EC0-301F-11D3-BF4B-00C04F79EFBC}") = "dotnet.web", "dotnet.web\dotnet.web.csproj", "{7C28F128-C823-45E4-A16B-0FA7947BDCED}"
EndProject
Project("{FAE04EC0-301F-11D3-BF4B-00C04F79EFBC}") = "dotnet.test", "dotnet.test\dotnet.test.csproj", "{A88A4207-9873-45B5-B279-04D4DF976E4F}"
EndProject
Global
	GlobalSection(SolutionConfigurationPlatforms) = preSolution
		Debug|Any CPU = Debug|Any CPU
		Debug|x64 = Debug|x64
		Debug|x86 = Debug|x86
		Release|Any CPU = Release|Any CPU
		Release|x64 = Release|x64
		Release|x86 = Release|x86
	EndGlobalSection
	GlobalSection(SolutionProperties) = preSolution
		HideSolutionNode = FALSE
	EndGlobalSection
	GlobalSection(ProjectConfigurationPlatforms) = postSolution
		{B4D530F8-6D0C-4D22-B0FC-DED2371D56B4}.Debug|Any CPU.ActiveCfg = Debug|Any CPU
		{B4D530F8-6D0C-4D22-B0FC-DED2371D56B4}.Debug|Any CPU.Build.0 = Debug|Any CPU
		{B4D530F8-6D0C-4D22-B0FC-DED2371D56B4}.Debug|x64.ActiveCfg = Debug|Any CPU
		{B4D530F8-6D0C-4D22-B0FC-DED2371D56B4}.Debug|x64.Build.0 = Debug|Any CPU
		{B4D530F8-6D0C-4D22-B0FC-DED2371D56B4}.Debug|x86.ActiveCfg = Debug|Any CPU
		{B4D530F8-6D0C-4D22-B0FC-DED2371D56B4}.Debug|x86.Build.0 = Debug|Any CPU
		{B4D530F8-6D0C-4D22-B0FC-DED2371D56B4}.Release|Any CPU.ActiveCfg = Release|Any CPU
		{B4D530F8-6D0C-4D22-B0FC-DED2371D56B4}.Release|Any CPU.Build.0 = Release|Any CPU
		{B4D530F8-6D0C-4D22-B0FC-DED2371D56B4}.Release|x64.ActiveCfg = Release|Any CPU
		{B4D530F8-6D0C-4D22-B0FC-DED2371D56B4}.Release|x64.Build.0 = Release|Any CPU
		{B4D530F8-6D0C-4D22-B0FC-DED2371D56B4}.Release|x86.ActiveCfg = Release|Any CPU
		{B4D530F8-6D0C-4D22-B0FC-DED2371D56B4}.Release|x86.Build.0 = Release|Any CPU
		{DBD2DF6B-CF3A-4347-9D2A-448BDDF896BD}.Debug|Any CPU.ActiveCfg = Debug|Any CPU
		{DBD2DF6B-CF3A-4347-9D2A-448BDDF896BD}.Debug|Any CPU.Build.0 = Debug|Any CPU
		{DBD2DF6B-CF3A-4347-9D2A-448BDDF896BD}.Debug|x64.ActiveCfg = Debug|Any CPU
		{DBD2DF6B-CF3A-4347-9D2A-448BDDF896BD}.Debug|x64.Build.0 = Debug|Any CPU
		{DBD2DF6B-CF3A-4347-9D2A-448BDDF896BD}.Debug|x86.ActiveCfg = Debug|Any CPU
		{DBD2DF6B-CF3A-4347-9D2A-448BDDF896BD}.Debug|x86.Build.0 = Debug|Any CPU
		{DBD2DF6B-CF3A-4347-9D2A-448BDDF896BD}.Release|Any CPU.ActiveCfg = Release|Any CPU
		{DBD2DF6B-CF3A-4347-9D2A-448BDDF896BD}.Release|Any CPU.Build.0 = Release|Any CPU
		{DBD2DF6B-CF3A-4347-9D2A-448BDDF896BD}.Release|x64.ActiveCfg = Release|Any CPU
		{DBD2DF6B-CF3A-4347-9D2A-448BDDF896BD}.Release|x64.Build.0 = Release|Any CPU
		{DBD2DF6B-CF3A-4347-9D2A-448BDDF896BD}.Release|x86.ActiveCfg = Release|Any CPU
		{DBD2DF6B-CF3A-4347-9D2A-448BDDF896BD}.Release|x86.Build.0 = Release|Any CPU
		{7C28F128-C823-45E4-A16B-0FA7947BDCED}.Debug|Any CPU.ActiveCfg = Debug|Any CPU
		{7C28F128-C823-45E4-A16B-0FA7947BDCED}.Debug|Any CPU.Build.0 = Debug|Any CPU
		{7C28F128-C823-45E4-A16B-0FA7947BDCED}.Debug|x64.ActiveCfg = Debug|Any CPU
		{7C28F128-C823-45E4-A16B-0FA7947BDCED}.Debug|x64.Build.0 = Debug|Any CPU
		{7C28F128-C823-45E4-A16B-0FA7947BDCED}.Debug|x86.ActiveCfg = Debug|Any CPU
		{7C28F128-C823-45E4-A16B-0FA7947BDCED}.Debug|x86.Build.0 = Debug|Any CPU
		{7C28F128-C823-45E4-A16B-0FA7947BDCED}.Release|Any CPU.ActiveCfg = Release|Any CPU
		{7C28F128-C823-45E4-A16B-0FA7947BDCED}.Release|Any CPU.Build.0 = Release|Any CPU
		{7C28F128-C823-45E4-A16B-0FA7947BDCED}.Release|x64.ActiveCfg = Release|Any CPU
		{7C28F128-C823-45E4-A16B-0FA7947BDCED}.Release|x64.Build.0 = Release|Any CPU
		{7C28F128-C823-45E4-A16B-0FA7947BDCED}.Release|x86.ActiveCfg = Release|Any CPU
		{7C28F128-C823-45E4-A16B-0FA7947BDCED}.Release|x86.Build.0 = Release|Any CPU
		{A88A4207-9873-45B5-B279-04D4DF976E4F}.Debug|Any CPU.ActiveCfg = Debug|Any CPU
		{A88A4207-9873-45B5-B279-04D4DF976E4F}.Debug|Any CPU.Build.0 = Debug|Any CPU
		{A88A4207-9873-45B5-B279-04D4DF976E4F}.Debug|x64.ActiveCfg = Debug|Any CPU
		{A88A4207-9873-45B5-B279-04D4DF976E4F}.Debug|x64.Build.0 = Debug|Any CPU
		{A88A4207-9873-45B5-B279-04D4DF976E4F}.Debug|x86.ActiveCfg = Debug|Any CPU
		{A88A4207-9873-45B5-B279-04D4DF976E4F}.Debug|x86.Build.0 = Debug|Any CPU
		{A88A4207-9873-45B5-B279-04D4DF976E4F}.Release|Any CPU.ActiveCfg = Release|Any CPU
		{A88A4207-9873-45B5-B279-04D4DF976E4F}.Release|Any CPU.Build.0 = Release|Any CPU
		{A88A4207-9873-45B5-B279-04D4DF976E4F}.Release|x64.ActiveCfg = Release|Any CPU
		{A88A4207-9873-45B5-B279-04D4DF976E4F}.Release|x64.Build.0 = Release|Any CPU
		{A88A4207-9873-45B5-B279-04D4DF976E4F}.Release|x86.ActiveCfg = Release|Any CPU
		{A88A4207-9873-45B5-B279-04D4DF976E4F}.Release|x86.Build.0 = Release|Any CPU
	EndGlobalSection
EndGlobal
